
Microsoft Visual Studio Solution File, Format Version 12.00
# Visual Studio Version 16
VisualStudioVersion = 25.0.1703.5
MinimumVisualStudioVersion = 10.0.40219.1
Project("{FAE04EC0-301F-11D3-BF4B-00C04F79EFBC}") = "EmotionFP", "EmotionFP\EmotionFP.csproj", "{523949D5-E76D-474B-87D4-28655046813E}"
EndProject
Project("{FAE04EC0-301F-11D3-BF4B-00C04F79EFBC}") = "NuGetEmotionFP", "NuGetEmotionFP\NuGetEmotionFP.csproj", "{01854F91-3A47-48D0-95CA-6504B6EAFC90}"
EndProject
Global
	GlobalSection(SolutionConfigurationPlatforms) = preSolution
		Debug|Any CPU = Debug|Any CPU
		Release|Any CPU = Release|Any CPU
	EndGlobalSection
	GlobalSection(ProjectConfigurationPlatforms) = postSolution
		{523949D5-E76D-474B-87D4-28655046813E}.Debug|Any CPU.ActiveCfg = Debug|Any CPU
		{523949D5-E76D-474B-87D4-28655046813E}.Debug|Any CPU.Build.0 = Debug|Any CPU
		{523949D5-E76D-474B-87D4-28655046813E}.Release|Any CPU.ActiveCfg = Release|Any CPU
		{523949D5-E76D-474B-87D4-28655046813E}.Release|Any CPU.Build.0 = Release|Any CPU
		{01854F91-3A47-48D0-95CA-6504B6EAFC90}.Debug|Any CPU.ActiveCfg = Debug|Any CPU
		{01854F91-3A47-48D0-95CA-6504B6EAFC90}.Debug|Any CPU.Build.0 = Debug|Any CPU
		{01854F91-3A47-48D0-95CA-6504B6EAFC90}.Release|Any CPU.ActiveCfg = Release|Any CPU
		{01854F91-3A47-48D0-95CA-6504B6EAFC90}.Release|Any CPU.Build.0 = Release|Any CPU
	EndGlobalSection
	GlobalSection(SolutionProperties) = preSolution
		HideSolutionNode = FALSE
	EndGlobalSection
	GlobalSection(ExtensibilityGlobals) = postSolution
		SolutionGuid = {7BBC22BF-21C1-4CE4-AD15-5AC9D3C725A6}
	EndGlobalSection
EndGlobal
